
Microsoft Visual Studio Solution File, Format Version 12.00
# Visual Studio Version 16
VisualStudioVersion = 16.0.29519.87
MinimumVisualStudioVersion = 10.0.40219.1
Project("{FAE04EC0-301F-11D3-BF4B-00C04F79EFBC}") = "AutoUpdaterCore", "AutoUpdaterCore\AutoUpdaterCore.csproj", "{D9D61F0E-383B-471D-9BDF-57D5E942E05A}"
EndProject
Project("{FAE04EC0-301F-11D3-BF4B-00C04F79EFBC}") = "AutoUpdater", "AutoUpdater\AutoUpdater.csproj", "{AD3006B3-4DCE-41E0-8C73-91B5A8B93D71}"
EndProject
Project("{FAE04EC0-301F-11D3-BF4B-00C04F79EFBC}") = "CryptoConfig", "CryptoConfig\CryptoConfig.csproj", "{B9E52D1B-2EAB-4D7D-91EE-344C30C993CE}"
EndProject
Project("{FAE04EC0-301F-11D3-BF4B-00C04F79EFBC}") = "AutoPatchServer", "AutoPatchServer\AutoPatchServer.csproj", "{2B19354E-7DEC-41B5-9D1F-8CB8DA327DC7}"
EndProject
Project("{FAE04EC0-301F-11D3-BF4B-00C04F79EFBC}") = "AutoPatchLoader", "AutoPatchLoader\AutoPatchLoader.csproj", "{2DD95D8E-4242-4276-A5A1-27EC6EB36492}"
EndProject
Project("{8BC9CEB8-8B4A-11D0-8D11-00A0C91BC942}") = "CSV3Hook", "CSV3Hook\CSV3Hook.vcxproj", "{01358812-493C-4A24-8630-F71DF28D47D8}"
EndProject
Project("{8BC9CEB8-8B4A-11D0-8D11-00A0C91BC942}") = "UpdaterCore", "UpdaterCore\UpdaterCore.vcxproj", "{0A0B4410-CB2F-47B2-B521-08ABE437078D}"
EndProject
Global
	GlobalSection(SolutionConfigurationPlatforms) = preSolution
		Debug|Any CPU = Debug|Any CPU
		Debug|x64 = Debug|x64
		Debug|x86 = Debug|x86
		Release|Any CPU = Release|Any CPU
		Release|x64 = Release|x64
		Release|x86 = Release|x86
	EndGlobalSection
	GlobalSection(ProjectConfigurationPlatforms) = postSolution
		{D9D61F0E-383B-471D-9BDF-57D5E942E05A}.Debug|Any CPU.ActiveCfg = Debug|Any CPU
		{D9D61F0E-383B-471D-9BDF-57D5E942E05A}.Debug|Any CPU.Build.0 = Debug|Any CPU
		{D9D61F0E-383B-471D-9BDF-57D5E942E05A}.Debug|x64.ActiveCfg = Debug|Any CPU
		{D9D61F0E-383B-471D-9BDF-57D5E942E05A}.Debug|x64.Build.0 = Debug|Any CPU
		{D9D61F0E-383B-471D-9BDF-57D5E942E05A}.Debug|x86.ActiveCfg = Debug|Any CPU
		{D9D61F0E-383B-471D-9BDF-57D5E942E05A}.Debug|x86.Build.0 = Debug|Any CPU
		{D9D61F0E-383B-471D-9BDF-57D5E942E05A}.Release|Any CPU.ActiveCfg = Release|Any CPU
		{D9D61F0E-383B-471D-9BDF-57D5E942E05A}.Release|Any CPU.Build.0 = Release|Any CPU
		{D9D61F0E-383B-471D-9BDF-57D5E942E05A}.Release|x64.ActiveCfg = Release|Any CPU
		{D9D61F0E-383B-471D-9BDF-57D5E942E05A}.Release|x64.Build.0 = Release|Any CPU
		{D9D61F0E-383B-471D-9BDF-57D5E942E05A}.Release|x86.ActiveCfg = Release|Any CPU
		{D9D61F0E-383B-471D-9BDF-57D5E942E05A}.Release|x86.Build.0 = Release|Any CPU
		{AD3006B3-4DCE-41E0-8C73-91B5A8B93D71}.Debug|Any CPU.ActiveCfg = Debug|Any CPU
		{AD3006B3-4DCE-41E0-8C73-91B5A8B93D71}.Debug|Any CPU.Build.0 = Debug|Any CPU
		{AD3006B3-4DCE-41E0-8C73-91B5A8B93D71}.Debug|x64.ActiveCfg = Debug|Any CPU
		{AD3006B3-4DCE-41E0-8C73-91B5A8B93D71}.Debug|x64.Build.0 = Debug|Any CPU
		{AD3006B3-4DCE-41E0-8C73-91B5A8B93D71}.Debug|x86.ActiveCfg = Debug|Any CPU
		{AD3006B3-4DCE-41E0-8C73-91B5A8B93D71}.Debug|x86.Build.0 = Debug|Any CPU
		{AD3006B3-4DCE-41E0-8C73-91B5A8B93D71}.Release|Any CPU.ActiveCfg = Release|Any CPU
		{AD3006B3-4DCE-41E0-8C73-91B5A8B93D71}.Release|Any CPU.Build.0 = Release|Any CPU
		{AD3006B3-4DCE-41E0-8C73-91B5A8B93D71}.Release|x64.ActiveCfg = Release|Any CPU
		{AD3006B3-4DCE-41E0-8C73-91B5A8B93D71}.Release|x64.Build.0 = Release|Any CPU
		{AD3006B3-4DCE-41E0-8C73-91B5A8B93D71}.Release|x86.ActiveCfg = Release|Any CPU
		{AD3006B3-4DCE-41E0-8C73-91B5A8B93D71}.Release|x86.Build.0 = Release|Any CPU
		{B9E52D1B-2EAB-4D7D-91EE-344C30C993CE}.Debug|Any CPU.ActiveCfg = Debug|Any CPU
		{B9E52D1B-2EAB-4D7D-91EE-344C30C993CE}.Debug|Any CPU.Build.0 = Debug|Any CPU
		{B9E52D1B-2EAB-4D7D-91EE-344C30C993CE}.Debug|x64.ActiveCfg = Debug|Any CPU
		{B9E52D1B-2EAB-4D7D-91EE-344C30C993CE}.Debug|x64.Build.0 = Debug|Any CPU
		{B9E52D1B-2EAB-4D7D-91EE-344C30C993CE}.Debug|x86.ActiveCfg = Debug|Any CPU
		{B9E52D1B-2EAB-4D7D-91EE-344C30C993CE}.Debug|x86.Build.0 = Debug|Any CPU
		{B9E52D1B-2EAB-4D7D-91EE-344C30C993CE}.Release|Any CPU.ActiveCfg = Release|Any CPU
		{B9E52D1B-2EAB-4D7D-91EE-344C30C993CE}.Release|Any CPU.Build.0 = Release|Any CPU
		{B9E52D1B-2EAB-4D7D-91EE-344C30C993CE}.Release|x64.ActiveCfg = Release|Any CPU
		{B9E52D1B-2EAB-4D7D-91EE-344C30C993CE}.Release|x64.Build.0 = Release|Any CPU
		{B9E52D1B-2EAB-4D7D-91EE-344C30C993CE}.Release|x86.ActiveCfg = Release|Any CPU
		{B9E52D1B-2EAB-4D7D-91EE-344C30C993CE}.Release|x86.Build.0 = Release|Any CPU
		{2B19354E-7DEC-41B5-9D1F-8CB8DA327DC7}.Debug|Any CPU.ActiveCfg = Debug|Any CPU
		{2B19354E-7DEC-41B5-9D1F-8CB8DA327DC7}.Debug|Any CPU.Build.0 = Debug|Any CPU
		{2B19354E-7DEC-41B5-9D1F-8CB8DA327DC7}.Debug|x64.ActiveCfg = Debug|Any CPU
		{2B19354E-7DEC-41B5-9D1F-8CB8DA327DC7}.Debug|x64.Build.0 = Debug|Any CPU
		{2B19354E-7DEC-41B5-9D1F-8CB8DA327DC7}.Debug|x86.ActiveCfg = Debug|Any CPU
		{2B19354E-7DEC-41B5-9D1F-8CB8DA327DC7}.Debug|x86.Build.0 = Debug|Any CPU
		{2B19354E-7DEC-41B5-9D1F-8CB8DA327DC7}.Release|Any CPU.ActiveCfg = Release|Any CPU
		{2B19354E-7DEC-41B5-9D1F-8CB8DA327DC7}.Release|Any CPU.Build.0 = Release|Any CPU
		{2B19354E-7DEC-41B5-9D1F-8CB8DA327DC7}.Release|x64.ActiveCfg = Release|Any CPU
		{2B19354E-7DEC-41B5-9D1F-8CB8DA327DC7}.Release|x64.Build.0 = Release|Any CPU
		{2B19354E-7DEC-41B5-9D1F-8CB8DA327DC7}.Release|x86.ActiveCfg = Release|Any CPU
		{2B19354E-7DEC-41B5-9D1F-8CB8DA327DC7}.Release|x86.Build.0 = Release|Any CPU
		{2DD95D8E-4242-4276-A5A1-27EC6EB36492}.Debug|Any CPU.ActiveCfg = Debug|Any CPU
		{2DD95D8E-4242-4276-A5A1-27EC6EB36492}.Debug|Any CPU.Build.0 = Debug|Any CPU
		{2DD95D8E-4242-4276-A5A1-27EC6EB36492}.Debug|x64.ActiveCfg = Debug|Any CPU
		{2DD95D8E-4242-4276-A5A1-27EC6EB36492}.Debug|x64.Build.0 = Debug|Any CPU
		{2DD95D8E-4242-4276-A5A1-27EC6EB36492}.Debug|x86.ActiveCfg = Debug|Any CPU
		{2DD95D8E-4242-4276-A5A1-27EC6EB36492}.Debug|x86.Build.0 = Debug|Any CPU
		{2DD95D8E-4242-4276-A5A1-27EC6EB36492}.Release|Any CPU.ActiveCfg = Release|Any CPU
		{2DD95D8E-4242-4276-A5A1-27EC6EB36492}.Release|Any CPU.Build.0 = Release|Any CPU
		{2DD95D8E-4242-4276-A5A1-27EC6EB36492}.Release|x64.ActiveCfg = Release|Any CPU
		{2DD95D8E-4242-4276-A5A1-27EC6EB36492}.Release|x64.Build.0 = Release|Any CPU
		{2DD95D8E-4242-4276-A5A1-27EC6EB36492}.Release|x86.ActiveCfg = Release|Any CPU
		{2DD95D8E-4242-4276-A5A1-27EC6EB36492}.Release|x86.Build.0 = Release|Any CPU
		{01358812-493C-4A24-8630-F71DF28D47D8}.Debug|Any CPU.ActiveCfg = Debug|Win32
		{01358812-493C-4A24-8630-F71DF28D47D8}.Debug|x64.ActiveCfg = Debug|Win32
		{01358812-493C-4A24-8630-F71DF28D47D8}.Debug|x86.ActiveCfg = Debug|Win32
		{01358812-493C-4A24-8630-F71DF28D47D8}.Debug|x86.Build.0 = Debug|Win32
		{01358812-493C-4A24-8630-F71DF28D47D8}.Release|Any CPU.ActiveCfg = Release|Win32
		{01358812-493C-4A24-8630-F71DF28D47D8}.Release|x64.ActiveCfg = Release|Win32
		{01358812-493C-4A24-8630-F71DF28D47D8}.Release|x86.ActiveCfg = Release|Win32
		{01358812-493C-4A24-8630-F71DF28D47D8}.Release|x86.Build.0 = Release|Win32
		{0A0B4410-CB2F-47B2-B521-08ABE437078D}.Debug|Any CPU.ActiveCfg = Debug|Win32
		{0A0B4410-CB2F-47B2-B521-08ABE437078D}.Debug|x64.ActiveCfg = Debug|x64
		{0A0B4410-CB2F-47B2-B521-08ABE437078D}.Debug|x64.Build.0 = Debug|x64
		{0A0B4410-CB2F-47B2-B521-08ABE437078D}.Debug|x86.ActiveCfg = Debug|Win32
		{0A0B4410-CB2F-47B2-B521-08ABE437078D}.Debug|x86.Build.0 = Debug|Win32
		{0A0B4410-CB2F-47B2-B521-08ABE437078D}.Release|Any CPU.ActiveCfg = Release|Win32
		{0A0B4410-CB2F-47B2-B521-08ABE437078D}.Release|x64.ActiveCfg = Release|x64
		{0A0B4410-CB2F-47B2-B521-08ABE437078D}.Release|x64.Build.0 = Release|x64
		{0A0B4410-CB2F-47B2-B521-08ABE437078D}.Release|x86.ActiveCfg = Release|Win32
		{0A0B4410-CB2F-47B2-B521-08ABE437078D}.Release|x86.Build.0 = Release|Win32
	EndGlobalSection
	GlobalSection(SolutionProperties) = preSolution
		HideSolutionNode = FALSE
	EndGlobalSection
	GlobalSection(ExtensibilityGlobals) = postSolution
		SolutionGuid = {E4684596-9CC2-4AAB-8C97-D67C357CE991}
	EndGlobalSection
EndGlobal
